
Microsoft Visual Studio Solution File, Format Version 12.00
# Visual Studio Version 17
VisualStudioVersion = 17.0.32112.339
MinimumVisualStudioVersion = 10.0.40219.1
Project("{FAE04EC0-301F-11D3-BF4B-00C04F79EFBC}") = "DiagonalLength", "DiagonalLength\DiagonalLength.csproj", "{1EDE4CCC-27B9-466C-9EE8-EA60DA4F7B27}"
EndProject
Global
	GlobalSection(SolutionConfigurationPlatforms) = preSolution
		Debug|Any CPU = Debug|Any CPU
		Release|Any CPU = Release|Any CPU
	EndGlobalSection
	GlobalSection(ProjectConfigurationPlatforms) = postSolution
		{1EDE4CCC-27B9-466C-9EE8-EA60DA4F7B27}.Debug|Any CPU.ActiveCfg = Debug|Any CPU
		{1EDE4CCC-27B9-466C-9EE8-EA60DA4F7B27}.Debug|Any CPU.Build.0 = Debug|Any CPU
		{1EDE4CCC-27B9-466C-9EE8-EA60DA4F7B27}.Release|Any CPU.ActiveCfg = Release|Any CPU
		{1EDE4CCC-27B9-466C-9EE8-EA60DA4F7B27}.Release|Any CPU.Build.0 = Release|Any CPU
	EndGlobalSection
	GlobalSection(SolutionProperties) = preSolution
		HideSolutionNode = FALSE
	EndGlobalSection
	GlobalSection(ExtensibilityGlobals) = postSolution
		SolutionGuid = {A295428D-C9AA-4BBA-962E-32CF080C4C32}
	EndGlobalSection
EndGlobal
